
Microsoft Visual Studio Solution File, Format Version 12.00
# Visual Studio Version 17
VisualStudioVersion = 17.5.33530.505
MinimumVisualStudioVersion = 10.0.40219.1
Project("{FAE04EC0-301F-11D3-BF4B-00C04F79EFBC}") = "imcd-api-response-speed", "imcd-api-response-speed.csproj", "{83855FE6-9D43-48B5-95B8-BF8E720D12D7}"
EndProject
Global
	GlobalSection(SolutionConfigurationPlatforms) = preSolution
		Debug|Any CPU = Debug|Any CPU
		Release|Any CPU = Release|Any CPU
	EndGlobalSection
	GlobalSection(ProjectConfigurationPlatforms) = postSolution
		{83855FE6-9D43-48B5-95B8-BF8E720D12D7}.Debug|Any CPU.ActiveCfg = Debug|Any CPU
		{83855FE6-9D43-48B5-95B8-BF8E720D12D7}.Debug|Any CPU.Build.0 = Debug|Any CPU
		{83855FE6-9D43-48B5-95B8-BF8E720D12D7}.Release|Any CPU.ActiveCfg = Release|Any CPU
		{83855FE6-9D43-48B5-95B8-BF8E720D12D7}.Release|Any CPU.Build.0 = Release|Any CPU
	EndGlobalSection
	GlobalSection(SolutionProperties) = preSolution
		HideSolutionNode = FALSE
	EndGlobalSection
	GlobalSection(ExtensibilityGlobals) = postSolution
		SolutionGuid = {B92145E4-589E-451F-ADB9-F38D72CF9B51}
	EndGlobalSection
EndGlobal
